github.com/ajstarks/svgo v0.0.0-20200320125537-f189e35d30ca/go.mod h1:K08gAheRH3/J6wwsYMMT4xOr94bZjxIelGM0+d/wbFw=
github.com/bbars/chess v1.8.1-0.20220624222823-1d5abf6c6a5f h1:Dfcj6Gy2VmyBNb75ViWqUhZn92uxKSuLPc4f/N6O6kQ=
github.com/bbars/chess v1.8.1-0.20220624222823-1d5abf6c6a5f/go.mod h1:cRuJUIBFq9Xki05TWHJxHYkC+fFpq45IWwk94DdlCrA=
